
Microsoft Visual Studio Solution File, Format Version 12.00
# Visual Studio Version 16
VisualStudioVersion = 16.0.29418.71
MinimumVisualStudioVersion = 10.0.40219.1
Project("{FAE04EC0-301F-11D3-BF4B-00C04F79EFBC}") = "Variables and Constants", "Variables and Constants\Variables and Constants.csproj", "{05152DDC-289B-456B-918C-65AF17C95989}"
EndProject
Global
	GlobalSection(SolutionConfigurationPlatforms) = preSolution
		Debug|Any CPU = Debug|Any CPU
		Release|Any CPU = Release|Any CPU
	EndGlobalSection
	GlobalSection(ProjectConfigurationPlatforms) = postSolution
		{05152DDC-289B-456B-918C-65AF17C95989}.Debug|Any CPU.ActiveCfg = Debug|Any CPU
		{05152DDC-289B-456B-918C-65AF17C95989}.Debug|Any CPU.Build.0 = Debug|Any CPU
		{05152DDC-289B-456B-918C-65AF17C95989}.Release|Any CPU.ActiveCfg = Release|Any CPU
		{05152DDC-289B-456B-918C-65AF17C95989}.Release|Any CPU.Build.0 = Release|Any CPU
	EndGlobalSection
	GlobalSection(SolutionProperties) = preSolution
		HideSolutionNode = FALSE
	EndGlobalSection
	GlobalSection(ExtensibilityGlobals) = postSolution
		SolutionGuid = {EC8520FF-A531-43E9-AFFA-B8E3EFA71AAB}
	EndGlobalSection
EndGlobal
